
Microsoft Visual Studio Solution File, Format Version 12.00
# Visual Studio Version 17
VisualStudioVersion = 17.0.31903.59
MinimumVisualStudioVersion = 10.0.40219.1
Project("{2150E333-8FDC-42A3-9474-1A3956D46DE8}") = "src", "src", "{827E0CD3-B72D-47B6-A68D-7590B98EB39B}"
EndProject
Project("{FAE04EC0-301F-11D3-BF4B-00C04F79EFBC}") = "ImageAnalysis.API", "src\ImageAnalysis.API\ImageAnalysis.API.csproj", "{7EEBCF02-07A3-49D6-8551-6357D46928FA}"
EndProject
Project("{FAE04EC0-301F-11D3-BF4B-00C04F79EFBC}") = "ImageAnalysis.Application", "src\ImageAnalysis.Application\ImageAnalysis.Application.csproj", "{3DDCA066-0994-4D31-8038-8852BE05D676}"
EndProject
Project("{FAE04EC0-301F-11D3-BF4B-00C04F79EFBC}") = "ImageAnalysis.Domain", "src\ImageAnalysis.Domain\ImageAnalysis.Domain.csproj", "{6C069F90-99B6-4C8F-8C27-3C574319247B}"
EndProject
Project("{FAE04EC0-301F-11D3-BF4B-00C04F79EFBC}") = "ImageAnalysis.Infrastructure", "src\ImageAnalysis.Infrastructure\ImageAnalysis.Infrastructure.csproj", "{5E4D49C2-774F-4177-8CBD-1C210D98B8FE}"
EndProject
Project("{FAE04EC0-301F-11D3-BF4B-00C04F79EFBC}") = "ImageAnalysis.Tests", "tests\ImageAnalysis.Tests\ImageAnalysis.Tests.csproj", "{1918CF39-79A6-40D9-982F-C8B108B0F9DE}"
EndProject
Global
	GlobalSection(SolutionConfigurationPlatforms) = preSolution
		Debug|Any CPU = Debug|Any CPU
		Debug|x64 = Debug|x64
		Debug|x86 = Debug|x86
		Release|Any CPU = Release|Any CPU
		Release|x64 = Release|x64
		Release|x86 = Release|x86
	EndGlobalSection
	GlobalSection(ProjectConfigurationPlatforms) = postSolution
		{7EEBCF02-07A3-49D6-8551-6357D46928FA}.Debug|Any CPU.ActiveCfg = Debug|Any CPU
		{7EEBCF02-07A3-49D6-8551-6357D46928FA}.Debug|Any CPU.Build.0 = Debug|Any CPU
		{7EEBCF02-07A3-49D6-8551-6357D46928FA}.Debug|x64.ActiveCfg = Debug|Any CPU
		{7EEBCF02-07A3-49D6-8551-6357D46928FA}.Debug|x64.Build.0 = Debug|Any CPU
		{7EEBCF02-07A3-49D6-8551-6357D46928FA}.Debug|x86.ActiveCfg = Debug|Any CPU
		{7EEBCF02-07A3-49D6-8551-6357D46928FA}.Debug|x86.Build.0 = Debug|Any CPU
		{7EEBCF02-07A3-49D6-8551-6357D46928FA}.Release|Any CPU.ActiveCfg = Release|Any CPU
		{7EEBCF02-07A3-49D6-8551-6357D46928FA}.Release|Any CPU.Build.0 = Release|Any CPU
		{7EEBCF02-07A3-49D6-8551-6357D46928FA}.Release|x64.ActiveCfg = Release|Any CPU
		{7EEBCF02-07A3-49D6-8551-6357D46928FA}.Release|x64.Build.0 = Release|Any CPU
		{7EEBCF02-07A3-49D6-8551-6357D46928FA}.Release|x86.ActiveCfg = Release|Any CPU
		{7EEBCF02-07A3-49D6-8551-6357D46928FA}.Release|x86.Build.0 = Release|Any CPU
		{3DDCA066-0994-4D31-8038-8852BE05D676}.Debug|Any CPU.ActiveCfg = Debug|Any CPU
		{3DDCA066-0994-4D31-8038-8852BE05D676}.Debug|Any CPU.Build.0 = Debug|Any CPU
		{3DDCA066-0994-4D31-8038-8852BE05D676}.Debug|x64.ActiveCfg = Debug|Any CPU
		{3DDCA066-0994-4D31-8038-8852BE05D676}.Debug|x64.Build.0 = Debug|Any CPU
		{3DDCA066-0994-4D31-8038-8852BE05D676}.Debug|x86.ActiveCfg = Debug|Any CPU
		{3DDCA066-0994-4D31-8038-8852BE05D676}.Debug|x86.Build.0 = Debug|Any CPU
		{3DDCA066-0994-4D31-8038-8852BE05D676}.Release|Any CPU.ActiveCfg = Release|Any CPU
		{3DDCA066-0994-4D31-8038-8852BE05D676}.Release|Any CPU.Build.0 = Release|Any CPU
		{3DDCA066-0994-4D31-8038-8852BE05D676}.Release|x64.ActiveCfg = Release|Any CPU
		{3DDCA066-0994-4D31-8038-8852BE05D676}.Release|x64.Build.0 = Release|Any CPU
		{3DDCA066-0994-4D31-8038-8852BE05D676}.Release|x86.ActiveCfg = Release|Any CPU
		{3DDCA066-0994-4D31-8038-8852BE05D676}.Release|x86.Build.0 = Release|Any CPU
		{6C069F90-99B6-4C8F-8C27-3C574319247B}.Debug|Any CPU.ActiveCfg = Debug|Any CPU
		{6C069F90-99B6-4C8F-8C27-3C574319247B}.Debug|Any CPU.Build.0 = Debug|Any CPU
		{6C069F90-99B6-4C8F-8C27-3C574319247B}.Debug|x64.ActiveCfg = Debug|Any CPU
		{6C069F90-99B6-4C8F-8C27-3C574319247B}.Debug|x64.Build.0 = Debug|Any CPU
		{6C069F90-99B6-4C8F-8C27-3C574319247B}.Debug|x86.ActiveCfg = Debug|Any CPU
		{6C069F90-99B6-4C8F-8C27-3C574319247B}.Debug|x86.Build.0 = Debug|Any CPU
		{6C069F90-99B6-4C8F-8C27-3C574319247B}.Release|Any CPU.ActiveCfg = Release|Any CPU
		{6C069F90-99B6-4C8F-8C27-3C574319247B}.Release|Any CPU.Build.0 = Release|Any CPU
		{6C069F90-99B6-4C8F-8C27-3C574319247B}.Release|x64.ActiveCfg = Release|Any CPU
		{6C069F90-99B6-4C8F-8C27-3C574319247B}.Release|x64.Build.0 = Release|Any CPU
		{6C069F90-99B6-4C8F-8C27-3C574319247B}.Release|x86.ActiveCfg = Release|Any CPU
		{6C069F90-99B6-4C8F-8C27-3C574319247B}.Release|x86.Build.0 = Release|Any CPU
		{5E4D49C2-774F-4177-8CBD-1C210D98B8FE}.Debug|Any CPU.ActiveCfg = Debug|Any CPU
		{5E4D49C2-774F-4177-8CBD-1C210D98B8FE}.Debug|Any CPU.Build.0 = Debug|Any CPU
		{5E4D49C2-774F-4177-8CBD-1C210D98B8FE}.Debug|x64.ActiveCfg = Debug|Any CPU
		{5E4D49C2-774F-4177-8CBD-1C210D98B8FE}.Debug|x64.Build.0 = Debug|Any CPU
		{5E4D49C2-774F-4177-8CBD-1C210D98B8FE}.Debug|x86.ActiveCfg = Debug|Any CPU
		{5E4D49C2-774F-4177-8CBD-1C210D98B8FE}.Debug|x86.Build.0 = Debug|Any CPU
		{5E4D49C2-774F-4177-8CBD-1C210D98B8FE}.Release|Any CPU.ActiveCfg = Release|Any CPU
		{5E4D49C2-774F-4177-8CBD-1C210D98B8FE}.Release|Any CPU.Build.0 = Release|Any CPU
		{5E4D49C2-774F-4177-8CBD-1C210D98B8FE}.Release|x64.ActiveCfg = Release|Any CPU
		{5E4D49C2-774F-4177-8CBD-1C210D98B8FE}.Release|x64.Build.0 = Release|Any CPU
		{5E4D49C2-774F-4177-8CBD-1C210D98B8FE}.Release|x86.ActiveCfg = Release|Any CPU
		{5E4D49C2-774F-4177-8CBD-1C210D98B8FE}.Release|x86.Build.0 = Release|Any CPU
		{1918CF39-79A6-40D9-982F-C8B108B0F9DE}.Debug|Any CPU.ActiveCfg = Debug|Any CPU
		{1918CF39-79A6-40D9-982F-C8B108B0F9DE}.Debug|Any CPU.Build.0 = Debug|Any CPU
		{1918CF39-79A6-40D9-982F-C8B108B0F9DE}.Debug|x64.ActiveCfg = Debug|Any CPU
		{1918CF39-79A6-40D9-982F-C8B108B0F9DE}.Debug|x64.Build.0 = Debug|Any CPU
		{1918CF39-79A6-40D9-982F-C8B108B0F9DE}.Debug|x86.ActiveCfg = Debug|Any CPU
		{1918CF39-79A6-40D9-982F-C8B108B0F9DE}.Debug|x86.Build.0 = Debug|Any CPU
		{1918CF39-79A6-40D9-982F-C8B108B0F9DE}.Release|Any CPU.ActiveCfg = Release|Any CPU
		{1918CF39-79A6-40D9-982F-C8B108B0F9DE}.Release|Any CPU.Build.0 = Release|Any CPU
		{1918CF39-79A6-40D9-982F-C8B108B0F9DE}.Release|x64.ActiveCfg = Release|Any CPU
		{1918CF39-79A6-40D9-982F-C8B108B0F9DE}.Release|x64.Build.0 = Release|Any CPU
		{1918CF39-79A6-40D9-982F-C8B108B0F9DE}.Release|x86.ActiveCfg = Release|Any CPU
		{1918CF39-79A6-40D9-982F-C8B108B0F9DE}.Release|x86.Build.0 = Release|Any CPU
	EndGlobalSection
	GlobalSection(SolutionProperties) = preSolution
		HideSolutionNode = FALSE
	EndGlobalSection
	GlobalSection(NestedProjects) = preSolution
		{7EEBCF02-07A3-49D6-8551-6357D46928FA} = {827E0CD3-B72D-47B6-A68D-7590B98EB39B}
		{3DDCA066-0994-4D31-8038-8852BE05D676} = {827E0CD3-B72D-47B6-A68D-7590B98EB39B}
		{6C069F90-99B6-4C8F-8C27-3C574319247B} = {827E0CD3-B72D-47B6-A68D-7590B98EB39B}
		{5E4D49C2-774F-4177-8CBD-1C210D98B8FE} = {827E0CD3-B72D-47B6-A68D-7590B98EB39B}
		{1918CF39-79A6-40D9-982F-C8B108B0F9DE} = {827E0CD3-B72D-47B6-A68D-7590B98EB39B}
	EndGlobalSection
EndGlobal
